
Microsoft Visual Studio Solution File, Format Version 12.00
# Visual Studio Version 17
VisualStudioVersion = 17.11.35312.102
MinimumVisualStudioVersion = 10.0.40219.1
Project("{FAE04EC0-301F-11D3-BF4B-00C04F79EFBC}") = "Hospital.Presentation", "Hospital.Presentation\Hospital.Presentation.csproj", "{E4C43BA6-27D9-4524-9161-BD83921A0354}"
EndProject
Project("{2150E333-8FDC-42A3-9474-1A3956D46DE8}") = "tests", "tests", "{8A29C8EF-1DA7-4D91-A088-CB300166E479}"
EndProject
Project("{FAE04EC0-301F-11D3-BF4B-00C04F79EFBC}") = "Hospital.Tests", "Hospital.Tests\Hospital.Tests.csproj", "{BA104493-0EC7-4F02-B66A-10C1BAC09015}"
EndProject
Project("{FAE04EC0-301F-11D3-BF4B-00C04F79EFBC}") = "Hospital.Application", "Hospital.Application\Hospital.Application.csproj", "{DD572BA2-3350-48C0-9B8D-94F281F45F12}"
EndProject
Project("{FAE04EC0-301F-11D3-BF4B-00C04F79EFBC}") = "Hospital.Domain", "Hospital.Domain\Hospital.Domain.csproj", "{6D4808B0-8E4B-4C71-9A76-DF10DF3C8D48}"
EndProject
Project("{FAE04EC0-301F-11D3-BF4B-00C04F79EFBC}") = "Hospital.Persistence", "Hospital.Persistence\Hospital.Persistence.csproj", "{6332EABA-93B9-4882-BDE2-69F0012B72C7}"
EndProject
Project("{FAE04EC0-301F-11D3-BF4B-00C04F79EFBC}") = "Hospital.Console", "Hospital.Console\Hospital.Console.csproj", "{C010ED37-3066-40C5-99C3-E7B3399BA16E}"
EndProject
Global
	GlobalSection(SolutionConfigurationPlatforms) = preSolution
		Debug|Any CPU = Debug|Any CPU
		Release|Any CPU = Release|Any CPU
	EndGlobalSection
	GlobalSection(ProjectConfigurationPlatforms) = postSolution
		{E4C43BA6-27D9-4524-9161-BD83921A0354}.Debug|Any CPU.ActiveCfg = Debug|Any CPU
		{E4C43BA6-27D9-4524-9161-BD83921A0354}.Debug|Any CPU.Build.0 = Debug|Any CPU
		{E4C43BA6-27D9-4524-9161-BD83921A0354}.Release|Any CPU.ActiveCfg = Release|Any CPU
		{E4C43BA6-27D9-4524-9161-BD83921A0354}.Release|Any CPU.Build.0 = Release|Any CPU
		{BA104493-0EC7-4F02-B66A-10C1BAC09015}.Debug|Any CPU.ActiveCfg = Debug|Any CPU
		{BA104493-0EC7-4F02-B66A-10C1BAC09015}.Debug|Any CPU.Build.0 = Debug|Any CPU
		{BA104493-0EC7-4F02-B66A-10C1BAC09015}.Release|Any CPU.ActiveCfg = Release|Any CPU
		{BA104493-0EC7-4F02-B66A-10C1BAC09015}.Release|Any CPU.Build.0 = Release|Any CPU
		{DD572BA2-3350-48C0-9B8D-94F281F45F12}.Debug|Any CPU.ActiveCfg = Debug|Any CPU
		{DD572BA2-3350-48C0-9B8D-94F281F45F12}.Debug|Any CPU.Build.0 = Debug|Any CPU
		{DD572BA2-3350-48C0-9B8D-94F281F45F12}.Release|Any CPU.ActiveCfg = Release|Any CPU
		{DD572BA2-3350-48C0-9B8D-94F281F45F12}.Release|Any CPU.Build.0 = Release|Any CPU
		{6D4808B0-8E4B-4C71-9A76-DF10DF3C8D48}.Debug|Any CPU.ActiveCfg = Debug|Any CPU
		{6D4808B0-8E4B-4C71-9A76-DF10DF3C8D48}.Debug|Any CPU.Build.0 = Debug|Any CPU
		{6D4808B0-8E4B-4C71-9A76-DF10DF3C8D48}.Release|Any CPU.ActiveCfg = Release|Any CPU
		{6D4808B0-8E4B-4C71-9A76-DF10DF3C8D48}.Release|Any CPU.Build.0 = Release|Any CPU
		{6332EABA-93B9-4882-BDE2-69F0012B72C7}.Debug|Any CPU.ActiveCfg = Debug|Any CPU
		{6332EABA-93B9-4882-BDE2-69F0012B72C7}.Debug|Any CPU.Build.0 = Debug|Any CPU
		{6332EABA-93B9-4882-BDE2-69F0012B72C7}.Release|Any CPU.ActiveCfg = Release|Any CPU
		{6332EABA-93B9-4882-BDE2-69F0012B72C7}.Release|Any CPU.Build.0 = Release|Any CPU
		{C010ED37-3066-40C5-99C3-E7B3399BA16E}.Debug|Any CPU.ActiveCfg = Debug|Any CPU
		{C010ED37-3066-40C5-99C3-E7B3399BA16E}.Debug|Any CPU.Build.0 = Debug|Any CPU
		{C010ED37-3066-40C5-99C3-E7B3399BA16E}.Release|Any CPU.ActiveCfg = Release|Any CPU
		{C010ED37-3066-40C5-99C3-E7B3399BA16E}.Release|Any CPU.Build.0 = Release|Any CPU
	EndGlobalSection
	GlobalSection(SolutionProperties) = preSolution
		HideSolutionNode = FALSE
	EndGlobalSection
	GlobalSection(NestedProjects) = preSolution
		{BA104493-0EC7-4F02-B66A-10C1BAC09015} = {8A29C8EF-1DA7-4D91-A088-CB300166E479}
	EndGlobalSection
	GlobalSection(ExtensibilityGlobals) = postSolution
		SolutionGuid = {A05B6363-5817-4B71-872C-CFCD6FB7FD22}
	EndGlobalSection
EndGlobal
